// !$*UTF8*$!
{
	archiveVersion = 1;
	classes = {
	};
	objectVersion = 56;
	objects = {

/* Begin PBXBuildFile section */
		1E4BC9472CBA702B00CD5D83 /* PetCardView.swift in Sources */ = {isa = PBXBuildFile; fileRef = 1E4BC9462CBA702B00CD5D83 /* PetCardView.swift */; };
		1E4BC9492CBA70EE00CD5D83 /* Pet.swift in Sources */ = {isa = PBXBuildFile; fileRef = 1E4BC9482CBA70EE00CD5D83 /* Pet.swift */; };
		1E53A6722CC3AD3D00789D4F /* PetEditableProfileView.swift in Sources */ = {isa = PBXBuildFile; fileRef = 1E53A6712CC3AD3D00789D4F /* PetEditableProfileView.swift */; };
		1EA63EBA2CC50C2E000917CA /* LabeledIconTextField.swift in Sources */ = {isa = PBXBuildFile; fileRef = 1EA63EB92CC50C2E000917CA /* LabeledIconTextField.swift */; };
		1EA63EC02CC62D38000917CA /* LabeledIconMenu.swift in Sources */ = {isa = PBXBuildFile; fileRef = 1EA63EBF2CC62D38000917CA /* LabeledIconMenu.swift */; };
		1EA63EC52CCB7917000917CA /* PetEditableProfileViewModel.swift in Sources */ = {isa = PBXBuildFile; fileRef = 1EA63EC42CCB7917000917CA /* PetEditableProfileViewModel.swift */; };
		1EA63EC72CD20B73000917CA /* AddButton.swift in Sources */ = {isa = PBXBuildFile; fileRef = 1EA63EC62CD20B73000917CA /* AddButton.swift */; };
		1ED241AB2CB2CD0B00DB035E /* PetCareTrackerApp.swift in Sources */ = {isa = PBXBuildFile; fileRef = 1ED241AA2CB2CD0B00DB035E /* PetCareTrackerApp.swift */; };
		1ED241AF2CB2CD0D00DB035E /* Assets.xcassets in Resources */ = {isa = PBXBuildFile; fileRef = 1ED241AE2CB2CD0D00DB035E /* Assets.xcassets */; };
		1ED241B22CB2CD0D00DB035E /* Preview Assets.xcassets in Resources */ = {isa = PBXBuildFile; fileRef = 1ED241B12CB2CD0D00DB035E /* Preview Assets.xcassets */; };
		1ED241E32CB6487A00DB035E /* Font+Ext.swift in Sources */ = {isa = PBXBuildFile; fileRef = 1ED241E22CB6487A00DB035E /* Font+Ext.swift */; };
		1ED241EC2CB8F9E200DB035E /* HomeView.swift in Sources */ = {isa = PBXBuildFile; fileRef = 1ED241EB2CB8F9E200DB035E /* HomeView.swift */; };
		1ED241EF2CB8FBD000DB035E /* UserPetsView.swift in Sources */ = {isa = PBXBuildFile; fileRef = 1ED241EE2CB8FBD000DB035E /* UserPetsView.swift */; };
		1EF91B1F2CBA808E000B3969 /* Roboto-Bold.ttf in Resources */ = {isa = PBXBuildFile; fileRef = 1E4BC94D2CBA7D2100CD5D83 /* Roboto-Bold.ttf */; };
		1EF91B202CBA808E000B3969 /* Roboto-Regular.ttf in Resources */ = {isa = PBXBuildFile; fileRef = 1E4BC94E2CBA7D2100CD5D83 /* Roboto-Regular.ttf */; };
		1EF91B242CBA8239000B3969 /* Roboto-Medium.ttf in Resources */ = {isa = PBXBuildFile; fileRef = 1EF91B232CBA8224000B3969 /* Roboto-Medium.ttf */; };
		1EF91B262CBA8883000B3969 /* Color+Ext.swift in Sources */ = {isa = PBXBuildFile; fileRef = 1EF91B252CBA8883000B3969 /* Color+Ext.swift */; };
		1EF91B282CBBC865000B3969 /* UserPetsViewModel.swift in Sources */ = {isa = PBXBuildFile; fileRef = 1EF91B272CBBC865000B3969 /* UserPetsViewModel.swift */; };
		1EF91B2A2CBBD462000B3969 /* Icons.swift in Sources */ = {isa = PBXBuildFile; fileRef = 1EF91B292CBBD462000B3969 /* Icons.swift */; };
		1EF91B2C2CBCE363000B3969 /* PetProfileView.swift in Sources */ = {isa = PBXBuildFile; fileRef = 1EF91B2B2CBCE363000B3969 /* PetProfileView.swift */; };
		1EF91B482CBCEBC1000B3969 /* PetCardImageView.swift in Sources */ = {isa = PBXBuildFile; fileRef = 1EF91B472CBCEBC1000B3969 /* PetCardImageView.swift */; };
		1EF91B4A2CBE359F000B3969 /* Date+Ext.swift in Sources */ = {isa = PBXBuildFile; fileRef = 1EF91B492CBE359F000B3969 /* Date+Ext.swift */; };
/* End PBXBuildFile section */

/* Begin PBXFileReference section */
		1E4BC9462CBA702B00CD5D83 /* PetCardView.swift */ = {isa = PBXFileReference; lastKnownFileType = sourcecode.swift; path = PetCardView.swift; sourceTree = "<group>"; };
		1E4BC9482CBA70EE00CD5D83 /* Pet.swift */ = {isa = PBXFileReference; lastKnownFileType = sourcecode.swift; path = Pet.swift; sourceTree = "<group>"; };
		1E4BC94D2CBA7D2100CD5D83 /* Roboto-Bold.ttf */ = {isa = PBXFileReference; lastKnownFileType = file; path = "Roboto-Bold.ttf"; sourceTree = "<group>"; };
		1E4BC94E2CBA7D2100CD5D83 /* Roboto-Regular.ttf */ = {isa = PBXFileReference; lastKnownFileType = file; path = "Roboto-Regular.ttf"; sourceTree = "<group>"; };
		1E53A6712CC3AD3D00789D4F /* PetEditableProfileView.swift */ = {isa = PBXFileReference; lastKnownFileType = sourcecode.swift; path = PetEditableProfileView.swift; sourceTree = "<group>"; };
		1EA63EB92CC50C2E000917CA /* LabeledIconTextField.swift */ = {isa = PBXFileReference; lastKnownFileType = sourcecode.swift; path = LabeledIconTextField.swift; sourceTree = "<group>"; };
		1EA63EBF2CC62D38000917CA /* LabeledIconMenu.swift */ = {isa = PBXFileReference; lastKnownFileType = sourcecode.swift; path = LabeledIconMenu.swift; sourceTree = "<group>"; };
		1EA63EC42CCB7917000917CA /* PetEditableProfileViewModel.swift */ = {isa = PBXFileReference; lastKnownFileType = sourcecode.swift; path = PetEditableProfileViewModel.swift; sourceTree = "<group>"; };
		1EA63EC62CD20B73000917CA /* AddButton.swift */ = {isa = PBXFileReference; lastKnownFileType = sourcecode.swift; path = AddButton.swift; sourceTree = "<group>"; };
		1ED241A72CB2CD0B00DB035E /* PetCareTracker.app */ = {isa = PBXFileReference; explicitFileType = wrapper.application; includeInIndex = 0; path = PetCareTracker.app; sourceTree = BUILT_PRODUCTS_DIR; };
		1ED241AA2CB2CD0B00DB035E /* PetCareTrackerApp.swift */ = {isa = PBXFileReference; lastKnownFileType = sourcecode.swift; path = PetCareTrackerApp.swift; sourceTree = "<group>"; };
		1ED241AE2CB2CD0D00DB035E /* Assets.xcassets */ = {isa = PBXFileReference; lastKnownFileType = folder.assetcatalog; path = Assets.xcassets; sourceTree = "<group>"; };
		1ED241B12CB2CD0D00DB035E /* Preview Assets.xcassets */ = {isa = PBXFileReference; lastKnownFileType = folder.assetcatalog; path = "Preview Assets.xcassets"; sourceTree = "<group>"; };
		1ED241DF2CB4F80D00DB035E /* Info.plist */ = {isa = PBXFileReference; lastKnownFileType = text.plist.xml; path = Info.plist; sourceTree = "<group>"; };
		1ED241E22CB6487A00DB035E /* Font+Ext.swift */ = {isa = PBXFileReference; lastKnownFileType = sourcecode.swift; path = "Font+Ext.swift"; sourceTree = "<group>"; };
		1ED241EB2CB8F9E200DB035E /* HomeView.swift */ = {isa = PBXFileReference; lastKnownFileType = sourcecode.swift; path = HomeView.swift; sourceTree = "<group>"; };
		1ED241EE2CB8FBD000DB035E /* UserPetsView.swift */ = {isa = PBXFileReference; lastKnownFileType = sourcecode.swift; path = UserPetsView.swift; sourceTree = "<group>"; };
		1EF91B232CBA8224000B3969 /* Roboto-Medium.ttf */ = {isa = PBXFileReference; lastKnownFileType = file; path = "Roboto-Medium.ttf"; sourceTree = "<group>"; };
		1EF91B252CBA8883000B3969 /* Color+Ext.swift */ = {isa = PBXFileReference; lastKnownFileType = sourcecode.swift; path = "Color+Ext.swift"; sourceTree = "<group>"; };
		1EF91B272CBBC865000B3969 /* UserPetsViewModel.swift */ = {isa = PBXFileReference; lastKnownFileType = sourcecode.swift; path = UserPetsViewModel.swift; sourceTree = "<group>"; };
		1EF91B292CBBD462000B3969 /* Icons.swift */ = {isa = PBXFileReference; lastKnownFileType = sourcecode.swift; path = Icons.swift; sourceTree = "<group>"; };
		1EF91B2B2CBCE363000B3969 /* PetProfileView.swift */ = {isa = PBXFileReference; lastKnownFileType = sourcecode.swift; path = PetProfileView.swift; sourceTree = "<group>"; };
		1EF91B472CBCEBC1000B3969 /* PetCardImageView.swift */ = {isa = PBXFileReference; lastKnownFileType = sourcecode.swift; path = PetCardImageView.swift; sourceTree = "<group>"; };
		1EF91B492CBE359F000B3969 /* Date+Ext.swift */ = {isa = PBXFileReference; lastKnownFileType = sourcecode.swift; path = "Date+Ext.swift"; sourceTree = "<group>"; };
/* End PBXFileReference section */

/* Begin PBXFrameworksBuildPhase section */
		1ED241A42CB2CD0B00DB035E /* Frameworks */ = {
			isa = PBXFrameworksBuildPhase;
			buildActionMask = 2147483647;
			files = (
			);
			runOnlyForDeploymentPostprocessing = 0;
		};
/* End PBXFrameworksBuildPhase section */

/* Begin PBXGroup section */
		1E4BC94A2CBA790600CD5D83 /* Models */ = {
			isa = PBXGroup;
			children = (
				1E4BC9482CBA70EE00CD5D83 /* Pet.swift */,
			);
			path = Models;
			sourceTree = "<group>";
		};
		1EA63EBB2CC510DC000917CA /* PetProfile */ = {
			isa = PBXGroup;
			children = (
				1EF91B2B2CBCE363000B3969 /* PetProfileView.swift */,
			);
			path = PetProfile;
			sourceTree = "<group>";
		};
		1EA63EBC2CC5110F000917CA /* PetEditableProfile */ = {
			isa = PBXGroup;
			children = (
				1E53A6712CC3AD3D00789D4F /* PetEditableProfileView.swift */,
				1EA63EC42CCB7917000917CA /* PetEditableProfileViewModel.swift */,
			);
			path = PetEditableProfile;
			sourceTree = "<group>";
		};
		1EA63EBD2CC62A40000917CA /* TextFields */ = {
			isa = PBXGroup;
			children = (
				1EA63EB92CC50C2E000917CA /* LabeledIconTextField.swift */,
			);
			path = TextFields;
			sourceTree = "<group>";
		};
		1EA63EBE2CC62A49000917CA /* Views */ = {
			isa = PBXGroup;
			children = (
				1E4BC9462CBA702B00CD5D83 /* PetCardView.swift */,
				1EF91B472CBCEBC1000B3969 /* PetCardImageView.swift */,
				1EA63EC82CD20B91000917CA /* Buttons */,
				1EA63EC12CC62DA2000917CA /* Picker */,
				1EA63EBD2CC62A40000917CA /* TextFields */,
			);
			path = Views;
			sourceTree = "<group>";
		};
		1EA63EC12CC62DA2000917CA /* Picker */ = {
			isa = PBXGroup;
			children = (
				1EA63EBF2CC62D38000917CA /* LabeledIconMenu.swift */,
			);
			path = Picker;
			sourceTree = "<group>";
		};
		1EA63EC82CD20B91000917CA /* Buttons */ = {
			isa = PBXGroup;
			children = (
				1EA63EC62CD20B73000917CA /* AddButton.swift */,
			);
			path = Buttons;
			sourceTree = "<group>";
		};
		1ED2419E2CB2CD0B00DB035E = {
			isa = PBXGroup;
			children = (
				1ED241A92CB2CD0B00DB035E /* PetCareTracker */,
				1ED241A82CB2CD0B00DB035E /* Products */,
			);
			sourceTree = "<group>";
		};
		1ED241A82CB2CD0B00DB035E /* Products */ = {
			isa = PBXGroup;
			children = (
				1ED241A72CB2CD0B00DB035E /* PetCareTracker.app */,
			);
			name = Products;
			sourceTree = "<group>";
		};
		1ED241A92CB2CD0B00DB035E /* PetCareTracker */ = {
			isa = PBXGroup;
			children = (
				1ED241AA2CB2CD0B00DB035E /* PetCareTrackerApp.swift */,
				1E4BC94A2CBA790600CD5D83 /* Models */,
				1EA63EBE2CC62A49000917CA /* Views */,
				1ED241ED2CB8F9EA00DB035E /* Screens */,
				1ED241E62CB64ADC00DB035E /* Utilities */,
				1ED241BA2CB4F62D00DB035E /* Resources */,
				1ED241DF2CB4F80D00DB035E /* Info.plist */,
				1ED241B02CB2CD0D00DB035E /* Preview Content */,
			);
			path = PetCareTracker;
			sourceTree = "<group>";
		};
		1ED241B02CB2CD0D00DB035E /* Preview Content */ = {
			isa = PBXGroup;
			children = (
				1ED241B12CB2CD0D00DB035E /* Preview Assets.xcassets */,
			);
			path = "Preview Content";
			sourceTree = "<group>";
		};
		1ED241BA2CB4F62D00DB035E /* Resources */ = {
			isa = PBXGroup;
			children = (
				1ED241BB2CB4F64B00DB035E /* Fonts */,
				1ED241AE2CB2CD0D00DB035E /* Assets.xcassets */,
			);
			path = Resources;
			sourceTree = "<group>";
		};
		1ED241BB2CB4F64B00DB035E /* Fonts */ = {
			isa = PBXGroup;
			children = (
				1EF91B232CBA8224000B3969 /* Roboto-Medium.ttf */,
				1E4BC94D2CBA7D2100CD5D83 /* Roboto-Bold.ttf */,
				1E4BC94E2CBA7D2100CD5D83 /* Roboto-Regular.ttf */,
			);
			path = Fonts;
			sourceTree = "<group>";
		};
		1ED241E42CB64A9A00DB035E /* Extensions */ = {
			isa = PBXGroup;
			children = (
				1EF91B252CBA8883000B3969 /* Color+Ext.swift */,
				1EF91B492CBE359F000B3969 /* Date+Ext.swift */,
				1ED241E22CB6487A00DB035E /* Font+Ext.swift */,
				1EF91B292CBBD462000B3969 /* Icons.swift */,
			);
			path = Extensions;
			sourceTree = "<group>";
		};
		1ED241E62CB64ADC00DB035E /* Utilities */ = {
			isa = PBXGroup;
			children = (
				1ED241E42CB64A9A00DB035E /* Extensions */,
			);
			path = Utilities;
			sourceTree = "<group>";
		};
		1ED241ED2CB8F9EA00DB035E /* Screens */ = {
			isa = PBXGroup;
			children = (
				1ED241F02CB8FBD600DB035E /* Home */,
				1EA63EBB2CC510DC000917CA /* PetProfile */,
				1EA63EBC2CC5110F000917CA /* PetEditableProfile */,
			);
			path = Screens;
			sourceTree = "<group>";
		};
		1ED241F02CB8FBD600DB035E /* Home */ = {
			isa = PBXGroup;
			children = (
				1ED241EB2CB8F9E200DB035E /* HomeView.swift */,
				1ED241EE2CB8FBD000DB035E /* UserPetsView.swift */,
				1EF91B272CBBC865000B3969 /* UserPetsViewModel.swift */,
			);
			path = Home;
			sourceTree = "<group>";
		};
/* End PBXGroup section */

/* Begin PBXNativeTarget section */
		1ED241A62CB2CD0B00DB035E /* PetCareTracker */ = {
			isa = PBXNativeTarget;
			buildConfigurationList = 1ED241B52CB2CD0D00DB035E /* Build configuration list for PBXNativeTarget "PetCareTracker" */;
			buildPhases = (
				1ED241A32CB2CD0B00DB035E /* Sources */,
				1ED241A42CB2CD0B00DB035E /* Frameworks */,
				1ED241A52CB2CD0B00DB035E /* Resources */,
			);
			buildRules = (
			);
			dependencies = (
			);
			name = PetCareTracker;
			productName = PetCareTracker;
			productReference = 1ED241A72CB2CD0B00DB035E /* PetCareTracker.app */;
			productType = "com.apple.product-type.application";
		};
/* End PBXNativeTarget section */

/* Begin PBXProject section */
		1ED2419F2CB2CD0B00DB035E /* Project object */ = {
			isa = PBXProject;
			attributes = {
				BuildIndependentTargetsInParallel = 1;
				LastSwiftUpdateCheck = 1510;
				LastUpgradeCheck = 1510;
				TargetAttributes = {
					1ED241A62CB2CD0B00DB035E = {
						CreatedOnToolsVersion = 15.1;
					};
				};
			};
			buildConfigurationList = 1ED241A22CB2CD0B00DB035E /* Build configuration list for PBXProject "PetCareTracker" */;
			compatibilityVersion = "Xcode 14.0";
			developmentRegion = en;
			hasScannedForEncodings = 0;
			knownRegions = (
				en,
				Base,
			);
			mainGroup = 1ED2419E2CB2CD0B00DB035E;
			productRefGroup = 1ED241A82CB2CD0B00DB035E /* Products */;
			projectDirPath = "";
			projectRoot = "";
			targets = (
				1ED241A62CB2CD0B00DB035E /* PetCareTracker */,
			);
		};
/* End PBXProject section */

/* Begin PBXResourcesBuildPhase section */
		1ED241A52CB2CD0B00DB035E /* Resources */ = {
			isa = PBXResourcesBuildPhase;
			buildActionMask = 2147483647;
			files = (
				1EF91B242CBA8239000B3969 /* Roboto-Medium.ttf in Resources */,
				1EF91B1F2CBA808E000B3969 /* Roboto-Bold.ttf in Resources */,
				1EF91B202CBA808E000B3969 /* Roboto-Regular.ttf in Resources */,
				1ED241B22CB2CD0D00DB035E /* Preview Assets.xcassets in Resources */,
				1ED241AF2CB2CD0D00DB035E /* Assets.xcassets in Resources */,
			);
			runOnlyForDeploymentPostprocessing = 0;
		};
/* End PBXResourcesBuildPhase section */

/* Begin PBXSourcesBuildPhase section */
		1ED241A32CB2CD0B00DB035E /* Sources */ = {
			isa = PBXSourcesBuildPhase;
			buildActionMask = 2147483647;
			files = (
				1EF91B482CBCEBC1000B3969 /* PetCardImageView.swift in Sources */,
				1E4BC9472CBA702B00CD5D83 /* PetCardView.swift in Sources */,
				1EF91B282CBBC865000B3969 /* UserPetsViewModel.swift in Sources */,
				1EF91B4A2CBE359F000B3969 /* Date+Ext.swift in Sources */,
				1EA63EC52CCB7917000917CA /* PetEditableProfileViewModel.swift in Sources */,
				1EA63EC02CC62D38000917CA /* LabeledIconMenu.swift in Sources */,
				1EF91B262CBA8883000B3969 /* Color+Ext.swift in Sources */,
				1ED241EC2CB8F9E200DB035E /* HomeView.swift in Sources */,
				1EF91B2C2CBCE363000B3969 /* PetProfileView.swift in Sources */,
				1ED241E32CB6487A00DB035E /* Font+Ext.swift in Sources */,
				1EF91B2A2CBBD462000B3969 /* Icons.swift in Sources */,
				1E53A6722CC3AD3D00789D4F /* PetEditableProfileView.swift in Sources */,
				1EA63EC72CD20B73000917CA /* AddButton.swift in Sources */,
				1E4BC9492CBA70EE00CD5D83 /* Pet.swift in Sources */,
				1ED241AB2CB2CD0B00DB035E /* PetCareTrackerApp.swift in Sources */,
				1EA63EBA2CC50C2E000917CA /* LabeledIconTextField.swift in Sources */,
				1ED241EF2CB8FBD000DB035E /* UserPetsView.swift in Sources */,
			);
			runOnlyForDeploymentPostprocessing = 0;
		};
/* End PBXSourcesBuildPhase section */

/* Begin XCBuildConfiguration section */
		1ED241B32CB2CD0D00DB035E /* Debug */ = {
			isa = XCBuildConfiguration;
			buildSettings = {
				ALWAYS_SEARCH_USER_PATHS = NO;
				ASSETCATALOG_COMPILER_GENERATE_SWIFT_ASSET_SYMBOL_EXTENSIONS = YES;
				CLANG_ANALYZER_NONNULL = YES;
				CLANG_ANALYZER_NUMBER_OBJECT_CONVERSION = YES_AGGRESSIVE;
				CLANG_CXX_LANGUAGE_STANDARD = "gnu++20";
				CLANG_ENABLE_MODULES = YES;
				CLANG_ENABLE_OBJC_ARC = YES;
				CLANG_ENABLE_OBJC_WEAK = YES;
				CLANG_WARN_BLOCK_CAPTURE_AUTORELEASING = YES;
				CLANG_WARN_BOOL_CONVERSION = YES;
				CLANG_WARN_COMMA = YES;
				CLANG_WARN_CONSTANT_CONVERSION = YES;
				CLANG_WARN_DEPRECATED_OBJC_IMPLEMENTATIONS = YES;
				CLANG_WARN_DIRECT_OBJC_ISA_USAGE = YES_ERROR;
				CLANG_WARN_DOCUMENTATION_COMMENTS = YES;
				CLANG_WARN_EMPTY_BODY = YES;
				CLANG_WARN_ENUM_CONVERSION = YES;
				CLANG_WARN_INFINITE_RECURSION = YES;
				CLANG_WARN_INT_CONVERSION = YES;
				CLANG_WARN_NON_LITERAL_NULL_CONVERSION = YES;
				CLANG_WARN_OBJC_IMPLICIT_RETAIN_SELF = YES;
				CLANG_WARN_OBJC_LITERAL_CONVERSION = YES;
				CLANG_WARN_OBJC_ROOT_CLASS = YES_ERROR;
				CLANG_WARN_QUOTED_INCLUDE_IN_FRAMEWORK_HEADER = YES;
				CLANG_WARN_RANGE_LOOP_ANALYSIS = YES;
				CLANG_WARN_STRICT_PROTOTYPES = YES;
				CLANG_WARN_SUSPICIOUS_MOVE = YES;
				CLANG_WARN_UNGUARDED_AVAILABILITY = YES_AGGRESSIVE;
				CLANG_WARN_UNREACHABLE_CODE = YES;
				CLANG_WARN__DUPLICATE_METHOD_MATCH = YES;
				COPY_PHASE_STRIP = NO;
				DEBUG_INFORMATION_FORMAT = dwarf;
				ENABLE_STRICT_OBJC_MSGSEND = YES;
				ENABLE_TESTABILITY = YES;
				ENABLE_USER_SCRIPT_SANDBOXING = YES;
				GCC_C_LANGUAGE_STANDARD = gnu17;
				GCC_DYNAMIC_NO_PIC = NO;
				GCC_NO_COMMON_BLOCKS = YES;
				GCC_OPTIMIZATION_LEVEL = 0;
				GCC_PREPROCESSOR_DEFINITIONS = (
					"DEBUG=1",
					"$(inherited)",
				);
				GCC_WARN_64_TO_32_BIT_CONVERSION = YES;
				GCC_WARN_ABOUT_RETURN_TYPE = YES_ERROR;
				GCC_WARN_UNDECLARED_SELECTOR = YES;
				GCC_WARN_UNINITIALIZED_AUTOS = YES_AGGRESSIVE;
				GCC_WARN_UNUSED_FUNCTION = YES;
				GCC_WARN_UNUSED_VARIABLE = YES;
				IPHONEOS_DEPLOYMENT_TARGET = 17.2;
				LOCALIZATION_PREFERS_STRING_CATALOGS = YES;
				MTL_ENABLE_DEBUG_INFO = INCLUDE_SOURCE;
				MTL_FAST_MATH = YES;
				ONLY_ACTIVE_ARCH = YES;
				SDKROOT = iphoneos;
				SWIFT_ACTIVE_COMPILATION_CONDITIONS = "DEBUG $(inherited)";
				SWIFT_OPTIMIZATION_LEVEL = "-Onone";
			};
			name = Debug;
		};
		1ED241B42CB2CD0D00DB035E /* Release */ = {
			isa = XCBuildConfiguration;
			buildSettings = {
				ALWAYS_SEARCH_USER_PATHS = NO;
				ASSETCATALOG_COMPILER_GENERATE_SWIFT_ASSET_SYMBOL_EXTENSIONS = YES;
				CLANG_ANALYZER_NONNULL = YES;
				CLANG_ANALYZER_NUMBER_OBJECT_CONVERSION = YES_AGGRESSIVE;
				CLANG_CXX_LANGUAGE_STANDARD = "gnu++20";
				CLANG_ENABLE_MODULES = YES;
				CLANG_ENABLE_OBJC_ARC = YES;
				CLANG_ENABLE_OBJC_WEAK = YES;
				CLANG_WARN_BLOCK_CAPTURE_AUTORELEASING = YES;
				CLANG_WARN_BOOL_CONVERSION = YES;
				CLANG_WARN_COMMA = YES;
				CLANG_WARN_CONSTANT_CONVERSION = YES;
				CLANG_WARN_DEPRECATED_OBJC_IMPLEMENTATIONS = YES;
				CLANG_WARN_DIRECT_OBJC_ISA_USAGE = YES_ERROR;
				CLANG_WARN_DOCUMENTATION_COMMENTS = YES;
				CLANG_WARN_EMPTY_BODY = YES;
				CLANG_WARN_ENUM_CONVERSION = YES;
				CLANG_WARN_INFINITE_RECURSION = YES;
				CLANG_WARN_INT_CONVERSION = YES;
				CLANG_WARN_NON_LITERAL_NULL_CONVERSION = YES;
				CLANG_WARN_OBJC_IMPLICIT_RETAIN_SELF = YES;
				CLANG_WARN_OBJC_LITERAL_CONVERSION = YES;
				CLANG_WARN_OBJC_ROOT_CLASS = YES_ERROR;
				CLANG_WARN_QUOTED_INCLUDE_IN_FRAMEWORK_HEADER = YES;
				CLANG_WARN_RANGE_LOOP_ANALYSIS = YES;
				CLANG_WARN_STRICT_PROTOTYPES = YES;
				CLANG_WARN_SUSPICIOUS_MOVE = YES;
				CLANG_WARN_UNGUARDED_AVAILABILITY = YES_AGGRESSIVE;
				CLANG_WARN_UNREACHABLE_CODE = YES;
				CLANG_WARN__DUPLICATE_METHOD_MATCH = YES;
				COPY_PHASE_STRIP = NO;
				DEBUG_INFORMATION_FORMAT = "dwarf-with-dsym";
				ENABLE_NS_ASSERTIONS = NO;
				ENABLE_STRICT_OBJC_MSGSEND = YES;
				ENABLE_USER_SCRIPT_SANDBOXING = YES;
				GCC_C_LANGUAGE_STANDARD = gnu17;
				GCC_NO_COMMON_BLOCKS = YES;
				GCC_WARN_64_TO_32_BIT_CONVERSION = YES;
				GCC_WARN_ABOUT_RETURN_TYPE = YES_ERROR;
				GCC_WARN_UNDECLARED_SELECTOR = YES;
				GCC_WARN_UNINITIALIZED_AUTOS = YES_AGGRESSIVE;
				GCC_WARN_UNUSED_FUNCTION = YES;
				GCC_WARN_UNUSED_VARIABLE = YES;
				IPHONEOS_DEPLOYMENT_TARGET = 17.2;
				LOCALIZATION_PREFERS_STRING_CATALOGS = YES;
				MTL_ENABLE_DEBUG_INFO = NO;
				MTL_FAST_MATH = YES;
				SDKROOT = iphoneos;
				SWIFT_COMPILATION_MODE = wholemodule;
				VALIDATE_PRODUCT = YES;
			};
			name = Release;
		};
		1ED241B62CB2CD0D00DB035E /* Debug */ = {
			isa = XCBuildConfiguration;
			buildSettings = {
				ASSETCATALOG_COMPILER_APPICON_NAME = AppIcon;
				ASSETCATALOG_COMPILER_GLOBAL_ACCENT_COLOR_NAME = AccentColor;
				CODE_SIGN_STYLE = Automatic;
				CURRENT_PROJECT_VERSION = 1;
				DEVELOPMENT_ASSET_PATHS = "\"PetCareTracker/Preview Content\"";
				DEVELOPMENT_TEAM = 64UTKKPS3Y;
				ENABLE_PREVIEWS = YES;
				GENERATE_INFOPLIST_FILE = YES;
				INFOPLIST_FILE = PetCareTracker/Info.plist;
				INFOPLIST_KEY_UIApplicationSceneManifest_Generation = YES;
				INFOPLIST_KEY_UIApplicationSupportsIndirectInputEvents = YES;
				INFOPLIST_KEY_UILaunchScreen_Generation = YES;
				INFOPLIST_KEY_UISupportedInterfaceOrientations_iPad = "UIInterfaceOrientationPortrait UIInterfaceOrientationPortraitUpsideDown UIInterfaceOrientationLandscapeLeft UIInterfaceOrientationLandscapeRight";
				INFOPLIST_KEY_UISupportedInterfaceOrientations_iPhone = "UIInterfaceOrientationPortrait UIInterfaceOrientationLandscapeLeft UIInterfaceOrientationLandscapeRight";
				LD_RUNPATH_SEARCH_PATHS = (
					"$(inherited)",
					"@executable_path/Frameworks",
				);
				MARKETING_VERSION = 1.0;
				PRODUCT_BUNDLE_IDENTIFIER = valentynponomarenko.PetCareTracker;
				PRODUCT_NAME = "$(TARGET_NAME)";
				SWIFT_EMIT_LOC_STRINGS = YES;
				SWIFT_VERSION = 5.0;
				TARGETED_DEVICE_FAMILY = "1,2";
			};
			name = Debug;
		};
		1ED241B72CB2CD0D00DB035E /* Release */ = {
			isa = XCBuildConfiguration;
			buildSettings = {
				ASSETCATALOG_COMPILER_APPICON_NAME = AppIcon;
				ASSETCATALOG_COMPILER_GLOBAL_ACCENT_COLOR_NAME = AccentColor;
				CODE_SIGN_STYLE = Automatic;
				CURRENT_PROJECT_VERSION = 1;
				DEVELOPMENT_ASSET_PATHS = "\"PetCareTracker/Preview Content\"";
				DEVELOPMENT_TEAM = 64UTKKPS3Y;
				ENABLE_PREVIEWS = YES;
				GENERATE_INFOPLIST_FILE = YES;
				INFOPLIST_FILE = PetCareTracker/Info.plist;
				INFOPLIST_KEY_UIApplicationSceneManifest_Generation = YES;
				INFOPLIST_KEY_UIApplicationSupportsIndirectInputEvents = YES;
				INFOPLIST_KEY_UILaunchScreen_Generation = YES;
				INFOPLIST_KEY_UISupportedInterfaceOrientations_iPad = "UIInterfaceOrientationPortrait UIInterfaceOrientationPortraitUpsideDown UIInterfaceOrientationLandscapeLeft UIInterfaceOrientationLandscapeRight";
				INFOPLIST_KEY_UISupportedInterfaceOrientations_iPhone = "UIInterfaceOrientationPortrait UIInterfaceOrientationLandscapeLeft UIInterfaceOrientationLandscapeRight";
				LD_RUNPATH_SEARCH_PATHS = (
					"$(inherited)",
					"@executable_path/Frameworks",
				);
				MARKETING_VERSION = 1.0;
				PRODUCT_BUNDLE_IDENTIFIER = valentynponomarenko.PetCareTracker;
				PRODUCT_NAME = "$(TARGET_NAME)";
				SWIFT_EMIT_LOC_STRINGS = YES;
				SWIFT_VERSION = 5.0;
				TARGETED_DEVICE_FAMILY = "1,2";
			};
			name = Release;
		};
/* End XCBuildConfiguration section */

/* Begin XCConfigurationList section */
		1ED241A22CB2CD0B00DB035E /* Build configuration list for PBXProject "PetCareTracker" */ = {
			isa = XCConfigurationList;
			buildConfigurations = (
				1ED241B32CB2CD0D00DB035E /* Debug */,
				1ED241B42CB2CD0D00DB035E /* Release */,
			);
			defaultConfigurationIsVisible = 0;
			defaultConfigurationName = Release;
		};
		1ED241B52CB2CD0D00DB035E /* Build configuration list for PBXNativeTarget "PetCareTracker" */ = {
			isa = XCConfigurationList;
			buildConfigurations = (
				1ED241B62CB2CD0D00DB035E /* Debug */,
				1ED241B72CB2CD0D00DB035E /* Release */,
			);
			defaultConfigurationIsVisible = 0;
			defaultConfigurationName = Release;
		};
/* End XCConfigurationList section */
	};
	rootObject = 1ED2419F2CB2CD0B00DB035E /* Project object */;
}
